// !$*UTF8*$!
{
	archiveVersion = 1;
	classes = {
	};
	objectVersion = 50;
	objects = {

/* Begin PBXBuildFile section */
		04B3F303269ECFC4008B0FA6 /* AppDelegate.swift in Sources */ = {isa = PBXBuildFile; fileRef = 04B3F302269ECFC4008B0FA6 /* AppDelegate.swift */; };
		04B3F305269ECFC4008B0FA6 /* SceneDelegate.swift in Sources */ = {isa = PBXBuildFile; fileRef = 04B3F304269ECFC4008B0FA6 /* SceneDelegate.swift */; };
		04B3F307269ECFC4008B0FA6 /* ViewController.swift in Sources */ = {isa = PBXBuildFile; fileRef = 04B3F306269ECFC4008B0FA6 /* ViewController.swift */; };
		04B3F30A269ECFC4008B0FA6 /* Main.storyboard in Resources */ = {isa = PBXBuildFile; fileRef = 04B3F308269ECFC4008B0FA6 /* Main.storyboard */; };
		04B3F30C269ECFC6008B0FA6 /* Assets.xcassets in Resources */ = {isa = PBXBuildFile; fileRef = 04B3F30B269ECFC6008B0FA6 /* Assets.xcassets */; };
		04B3F30F269ECFC6008B0FA6 /* LaunchScreen.storyboard in Resources */ = {isa = PBXBuildFile; fileRef = 04B3F30D269ECFC6008B0FA6 /* LaunchScreen.storyboard */; };
		04B3F31A269ECFC6008B0FA6 /* middle_todoTests.swift in Sources */ = {isa = PBXBuildFile; fileRef = 04B3F319269ECFC6008B0FA6 /* middle_todoTests.swift */; };
		04B3F325269ECFC6008B0FA6 /* middle_todoUITests.swift in Sources */ = {isa = PBXBuildFile; fileRef = 04B3F324269ECFC6008B0FA6 /* middle_todoUITests.swift */; };
		04B3F334269F1C10008B0FA6 /* Model.swift in Sources */ = {isa = PBXBuildFile; fileRef = 04B3F333269F1C10008B0FA6 /* Model.swift */; };
		04B3F336269F1D83008B0FA6 /* MemoListTableViewController.swift in Sources */ = {isa = PBXBuildFile; fileRef = 04B3F335269F1D83008B0FA6 /* MemoListTableViewController.swift */; };
/* End PBXBuildFile section */

/* Begin PBXContainerItemProxy section */
		04B3F316269ECFC6008B0FA6 /* PBXContainerItemProxy */ = {
			isa = PBXContainerItemProxy;
			containerPortal = 04B3F2F7269ECFC4008B0FA6 /* Project object */;
			proxyType = 1;
			remoteGlobalIDString = 04B3F2FE269ECFC4008B0FA6;
			remoteInfo = middle_todo;
		};
		04B3F321269ECFC6008B0FA6 /* PBXContainerItemProxy */ = {
			isa = PBXContainerItemProxy;
			containerPortal = 04B3F2F7269ECFC4008B0FA6 /* Project object */;
			proxyType = 1;
			remoteGlobalIDString = 04B3F2FE269ECFC4008B0FA6;
			remoteInfo = middle_todo;
		};
/* End PBXContainerItemProxy section */

/* Begin PBXFileReference section */
		04B3F2FF269ECFC4008B0FA6 /* middle_todo.app */ = {isa = PBXFileReference; explicitFileType = wrapper.application; includeInIndex = 0; path = middle_todo.app; sourceTree = BUILT_PRODUCTS_DIR; };
		04B3F302269ECFC4008B0FA6 /* AppDelegate.swift */ = {isa = PBXFileReference; lastKnownFileType = sourcecode.swift; path = AppDelegate.swift; sourceTree = "<group>"; };
		04B3F304269ECFC4008B0FA6 /* SceneDelegate.swift */ = {isa = PBXFileReference; lastKnownFileType = sourcecode.swift; path = SceneDelegate.swift; sourceTree = "<group>"; };
		04B3F306269ECFC4008B0FA6 /* ViewController.swift */ = {isa = PBXFileReference; lastKnownFileType = sourcecode.swift; path = ViewController.swift; sourceTree = "<group>"; };
		04B3F309269ECFC4008B0FA6 /* Base */ = {isa = PBXFileReference; lastKnownFileType = file.storyboard; name = Base; path = Base.lproj/Main.storyboard; sourceTree = "<group>"; };
		04B3F30B269ECFC6008B0FA6 /* Assets.xcassets */ = {isa = PBXFileReference; lastKnownFileType = folder.assetcatalog; path = Assets.xcassets; sourceTree = "<group>"; };
		04B3F30E269ECFC6008B0FA6 /* Base */ = {isa = PBXFileReference; lastKnownFileType = file.storyboard; name = Base; path = Base.lproj/LaunchScreen.storyboard; sourceTree = "<group>"; };
		04B3F310269ECFC6008B0FA6 /* Info.plist */ = {isa = PBXFileReference; lastKnownFileType = text.plist.xml; path = Info.plist; sourceTree = "<group>"; };
		04B3F315269ECFC6008B0FA6 /* middle_todoTests.xctest */ = {isa = PBXFileReference; explicitFileType = wrapper.cfbundle; includeInIndex = 0; path = middle_todoTests.xctest; sourceTree = BUILT_PRODUCTS_DIR; };
		04B3F319269ECFC6008B0FA6 /* middle_todoTests.swift */ = {isa = PBXFileReference; lastKnownFileType = sourcecode.swift; path = middle_todoTests.swift; sourceTree = "<group>"; };
		04B3F31B269ECFC6008B0FA6 /* Info.plist */ = {isa = PBXFileReference; lastKnownFileType = text.plist.xml; path = Info.plist; sourceTree = "<group>"; };
		04B3F320269ECFC6008B0FA6 /* middle_todoUITests.xctest */ = {isa = PBXFileReference; explicitFileType = wrapper.cfbundle; includeInIndex = 0; path = middle_todoUITests.xctest; sourceTree = BUILT_PRODUCTS_DIR; };
		04B3F324269ECFC6008B0FA6 /* middle_todoUITests.swift */ = {isa = PBXFileReference; lastKnownFileType = sourcecode.swift; path = middle_todoUITests.swift; sourceTree = "<group>"; };
		04B3F326269ECFC6008B0FA6 /* Info.plist */ = {isa = PBXFileReference; lastKnownFileType = text.plist.xml; path = Info.plist; sourceTree = "<group>"; };
		04B3F333269F1C10008B0FA6 /* Model.swift */ = {isa = PBXFileReference; lastKnownFileType = sourcecode.swift; path = Model.swift; sourceTree = "<group>"; };
		04B3F335269F1D83008B0FA6 /* MemoListTableViewController.swift */ = {isa = PBXFileReference; lastKnownFileType = sourcecode.swift; path = MemoListTableViewController.swift; sourceTree = "<group>"; };
		04B3F339269F25B1008B0FA6 /* middle_todo */ = {isa = PBXFileReference; lastKnownFileType = folder; name = middle_todo; sourceTree = "<group>"; };
/* End PBXFileReference section */

/* Begin PBXFrameworksBuildPhase section */
		04B3F2FC269ECFC4008B0FA6 /* Frameworks */ = {
			isa = PBXFrameworksBuildPhase;
			buildActionMask = 2147483647;
			files = (
			);
			runOnlyForDeploymentPostprocessing = 0;
		};
		04B3F312269ECFC6008B0FA6 /* Frameworks */ = {
			isa = PBXFrameworksBuildPhase;
			buildActionMask = 2147483647;
			files = (
			);
			runOnlyForDeploymentPostprocessing = 0;
		};
		04B3F31D269ECFC6008B0FA6 /* Frameworks */ = {
			isa = PBXFrameworksBuildPhase;
			buildActionMask = 2147483647;
			files = (
			);
			runOnlyForDeploymentPostprocessing = 0;
		};
/* End PBXFrameworksBuildPhase section */

/* Begin PBXGroup section */
		04B3F2F6269ECFC4008B0FA6 = {
			isa = PBXGroup;
			children = (
				04B3F301269ECFC4008B0FA6 /* middle_todo */,
				04B3F318269ECFC6008B0FA6 /* middle_todoTests */,
				04B3F323269ECFC6008B0FA6 /* middle_todoUITests */,
				04B3F300269ECFC4008B0FA6 /* Products */,
			);
			sourceTree = "<group>";
		};
		04B3F300269ECFC4008B0FA6 /* Products */ = {
			isa = PBXGroup;
			children = (
				04B3F2FF269ECFC4008B0FA6 /* middle_todo.app */,
				04B3F315269ECFC6008B0FA6 /* middle_todoTests.xctest */,
				04B3F320269ECFC6008B0FA6 /* middle_todoUITests.xctest */,
			);
			name = Products;
			sourceTree = "<group>";
		};
		04B3F301269ECFC4008B0FA6 /* middle_todo */ = {
			isa = PBXGroup;
			children = (
				04B3F332269F1BCA008B0FA6 /* Model */,
				04B3F302269ECFC4008B0FA6 /* AppDelegate.swift */,
				04B3F339269F25B1008B0FA6 /* middle_todo */,
				04B3F304269ECFC4008B0FA6 /* SceneDelegate.swift */,
				04B3F306269ECFC4008B0FA6 /* ViewController.swift */,
				04B3F308269ECFC4008B0FA6 /* Main.storyboard */,
				04B3F30B269ECFC6008B0FA6 /* Assets.xcassets */,
				04B3F30D269ECFC6008B0FA6 /* LaunchScreen.storyboard */,
				04B3F310269ECFC6008B0FA6 /* Info.plist */,
				04B3F335269F1D83008B0FA6 /* MemoListTableViewController.swift */,
			);
			path = middle_todo;
			sourceTree = "<group>";
		};
		04B3F318269ECFC6008B0FA6 /* middle_todoTests */ = {
			isa = PBXGroup;
			children = (
				04B3F319269ECFC6008B0FA6 /* middle_todoTests.swift */,
				04B3F31B269ECFC6008B0FA6 /* Info.plist */,
			);
			path = middle_todoTests;
			sourceTree = "<group>";
		};
		04B3F323269ECFC6008B0FA6 /* middle_todoUITests */ = {
			isa = PBXGroup;
			children = (
				04B3F324269ECFC6008B0FA6 /* middle_todoUITests.swift */,
				04B3F326269ECFC6008B0FA6 /* Info.plist */,
			);
			path = middle_todoUITests;
			sourceTree = "<group>";
		};
		04B3F332269F1BCA008B0FA6 /* Model */ = {
			isa = PBXGroup;
			children = (
				04B3F333269F1C10008B0FA6 /* Model.swift */,
			);
			path = Model;
			sourceTree = "<group>";
		};
/* End PBXGroup section */

/* Begin PBXNativeTarget section */
		04B3F2FE269ECFC4008B0FA6 /* middle_todo */ = {
			isa = PBXNativeTarget;
			buildConfigurationList = 04B3F329269ECFC6008B0FA6 /* Build configuration list for PBXNativeTarget "middle_todo" */;
			buildPhases = (
				04B3F2FB269ECFC4008B0FA6 /* Sources */,
				04B3F2FC269ECFC4008B0FA6 /* Frameworks */,
				04B3F2FD269ECFC4008B0FA6 /* Resources */,
			);
			buildRules = (
			);
			dependencies = (
			);
			name = middle_todo;
			productName = middle_todo;
			productReference = 04B3F2FF269ECFC4008B0FA6 /* middle_todo.app */;
			productType = "com.apple.product-type.application";
		};
		04B3F314269ECFC6008B0FA6 /* middle_todoTests */ = {
			isa = PBXNativeTarget;
			buildConfigurationList = 04B3F32C269ECFC6008B0FA6 /* Build configuration list for PBXNativeTarget "middle_todoTests" */;
			buildPhases = (
				04B3F311269ECFC6008B0FA6 /* Sources */,
				04B3F312269ECFC6008B0FA6 /* Frameworks */,
				04B3F313269ECFC6008B0FA6 /* Resources */,
			);
			buildRules = (
			);
			dependencies = (
				04B3F317269ECFC6008B0FA6 /* PBXTargetDependency */,
			);
			name = middle_todoTests;
			productName = middle_todoTests;
			productReference = 04B3F315269ECFC6008B0FA6 /* middle_todoTests.xctest */;
			productType = "com.apple.product-type.bundle.unit-test";
		};
		04B3F31F269ECFC6008B0FA6 /* middle_todoUITests */ = {
			isa = PBXNativeTarget;
			buildConfigurationList = 04B3F32F269ECFC6008B0FA6 /* Build configuration list for PBXNativeTarget "middle_todoUITests" */;
			buildPhases = (
				04B3F31C269ECFC6008B0FA6 /* Sources */,
				04B3F31D269ECFC6008B0FA6 /* Frameworks */,
				04B3F31E269ECFC6008B0FA6 /* Resources */,
			);
			buildRules = (
			);
			dependencies = (
				04B3F322269ECFC6008B0FA6 /* PBXTargetDependency */,
			);
			name = middle_todoUITests;
			productName = middle_todoUITests;
			productReference = 04B3F320269ECFC6008B0FA6 /* middle_todoUITests.xctest */;
			productType = "com.apple.product-type.bundle.ui-testing";
		};
/* End PBXNativeTarget section */

/* Begin PBXProject section */
		04B3F2F7269ECFC4008B0FA6 /* Project object */ = {
			isa = PBXProject;
			attributes = {
				LastSwiftUpdateCheck = 1250;
				LastUpgradeCheck = 1250;
				TargetAttributes = {
					04B3F2FE269ECFC4008B0FA6 = {
						CreatedOnToolsVersion = 12.5.1;
					};
					04B3F314269ECFC6008B0FA6 = {
						CreatedOnToolsVersion = 12.5.1;
						TestTargetID = 04B3F2FE269ECFC4008B0FA6;
					};
					04B3F31F269ECFC6008B0FA6 = {
						CreatedOnToolsVersion = 12.5.1;
						TestTargetID = 04B3F2FE269ECFC4008B0FA6;
					};
				};
			};
			buildConfigurationList = 04B3F2FA269ECFC4008B0FA6 /* Build configuration list for PBXProject "middle_todo" */;
			compatibilityVersion = "Xcode 9.3";
			developmentRegion = en;
			hasScannedForEncodings = 0;
			knownRegions = (
				en,
				Base,
			);
			mainGroup = 04B3F2F6269ECFC4008B0FA6;
			productRefGroup = 04B3F300269ECFC4008B0FA6 /* Products */;
			projectDirPath = "";
			projectRoot = "";
			targets = (
				04B3F2FE269ECFC4008B0FA6 /* middle_todo */,
				04B3F314269ECFC6008B0FA6 /* middle_todoTests */,
				04B3F31F269ECFC6008B0FA6 /* middle_todoUITests */,
			);
		};
/* End PBXProject section */

/* Begin PBXResourcesBuildPhase section */
		04B3F2FD269ECFC4008B0FA6 /* Resources */ = {
			isa = PBXResourcesBuildPhase;
			buildActionMask = 2147483647;
			files = (
				04B3F30F269ECFC6008B0FA6 /* LaunchScreen.storyboard in Resources */,
				04B3F30C269ECFC6008B0FA6 /* Assets.xcassets in Resources */,
				04B3F30A269ECFC4008B0FA6 /* Main.storyboard in Resources */,
			);
			runOnlyForDeploymentPostprocessing = 0;
		};
		04B3F313269ECFC6008B0FA6 /* Resources */ = {
			isa = PBXResourcesBuildPhase;
			buildActionMask = 2147483647;
			files = (
			);
			runOnlyForDeploymentPostprocessing = 0;
		};
		04B3F31E269ECFC6008B0FA6 /* Resources */ = {
			isa = PBXResourcesBuildPhase;
			buildActionMask = 2147483647;
			files = (
			);
			runOnlyForDeploymentPostprocessing = 0;
		};
/* End PBXResourcesBuildPhase section */

/* Begin PBXSourcesBuildPhase section */
		04B3F2FB269ECFC4008B0FA6 /* Sources */ = {
			isa = PBXSourcesBuildPhase;
			buildActionMask = 2147483647;
			files = (
				04B3F307269ECFC4008B0FA6 /* ViewController.swift in Sources */,
				04B3F303269ECFC4008B0FA6 /* AppDelegate.swift in Sources */,
				04B3F336269F1D83008B0FA6 /* MemoListTableViewController.swift in Sources */,
				04B3F305269ECFC4008B0FA6 /* SceneDelegate.swift in Sources */,
				04B3F334269F1C10008B0FA6 /* Model.swift in Sources */,
			);
			runOnlyForDeploymentPostprocessing = 0;
		};
		04B3F311269ECFC6008B0FA6 /* Sources */ = {
			isa = PBXSourcesBuildPhase;
			buildActionMask = 2147483647;
			files = (
				04B3F31A269ECFC6008B0FA6 /* middle_todoTests.swift in Sources */,
			);
			runOnlyForDeploymentPostprocessing = 0;
		};
		04B3F31C269ECFC6008B0FA6 /* Sources */ = {
			isa = PBXSourcesBuildPhase;
			buildActionMask = 2147483647;
			files = (
				04B3F325269ECFC6008B0FA6 /* middle_todoUITests.swift in Sources */,
			);
			runOnlyForDeploymentPostprocessing = 0;
		};
/* End PBXSourcesBuildPhase section */

/* Begin PBXTargetDependency section */
		04B3F317269ECFC6008B0FA6 /* PBXTargetDependency */ = {
			isa = PBXTargetDependency;
			target = 04B3F2FE269ECFC4008B0FA6 /* middle_todo */;
			targetProxy = 04B3F316269ECFC6008B0FA6 /* PBXContainerItemProxy */;
		};
		04B3F322269ECFC6008B0FA6 /* PBXTargetDependency */ = {
			isa = PBXTargetDependency;
			target = 04B3F2FE269ECFC4008B0FA6 /* middle_todo */;
			targetProxy = 04B3F321269ECFC6008B0FA6 /* PBXContainerItemProxy */;
		};
/* End PBXTargetDependency section */

/* Begin PBXVariantGroup section */
		04B3F308269ECFC4008B0FA6 /* Main.storyboard */ = {
			isa = PBXVariantGroup;
			children = (
				04B3F309269ECFC4008B0FA6 /* Base */,
			);
			name = Main.storyboard;
			sourceTree = "<group>";
		};
		04B3F30D269ECFC6008B0FA6 /* LaunchScreen.storyboard */ = {
			isa = PBXVariantGroup;
			children = (
				04B3F30E269ECFC6008B0FA6 /* Base */,
			);
			name = LaunchScreen.storyboard;
			sourceTree = "<group>";
		};
/* End PBXVariantGroup section */

/* Begin XCBuildConfiguration section */
		04B3F327269ECFC6008B0FA6 /* Debug */ = {
			isa = XCBuildConfiguration;
			buildSettings = {
				ALWAYS_SEARCH_USER_PATHS = NO;
				CLANG_ANALYZER_NONNULL = YES;
				CLANG_ANALYZER_NUMBER_OBJECT_CONVERSION = YES_AGGRESSIVE;
				CLANG_CXX_LANGUAGE_STANDARD = "gnu++14";
				CLANG_CXX_LIBRARY = "libc++";
				CLANG_ENABLE_MODULES = YES;
				CLANG_ENABLE_OBJC_ARC = YES;
				CLANG_ENABLE_OBJC_WEAK = YES;
				CLANG_WARN_BLOCK_CAPTURE_AUTORELEASING = YES;
				CLANG_WARN_BOOL_CONVERSION = YES;
				CLANG_WARN_COMMA = YES;
				CLANG_WARN_CONSTANT_CONVERSION = YES;
				CLANG_WARN_DEPRECATED_OBJC_IMPLEMENTATIONS = YES;
				CLANG_WARN_DIRECT_OBJC_ISA_USAGE = YES_ERROR;
				CLANG_WARN_DOCUMENTATION_COMMENTS = YES;
				CLANG_WARN_EMPTY_BODY = YES;
				CLANG_WARN_ENUM_CONVERSION = YES;
				CLANG_WARN_INFINITE_RECURSION = YES;
				CLANG_WARN_INT_CONVERSION = YES;
				CLANG_WARN_NON_LITERAL_NULL_CONVERSION = YES;
				CLANG_WARN_OBJC_IMPLICIT_RETAIN_SELF = YES;
				CLANG_WARN_OBJC_LITERAL_CONVERSION = YES;
				CLANG_WARN_OBJC_ROOT_CLASS = YES_ERROR;
				CLANG_WARN_QUOTED_INCLUDE_IN_FRAMEWORK_HEADER = YES;
				CLANG_WARN_RANGE_LOOP_ANALYSIS = YES;
				CLANG_WARN_STRICT_PROTOTYPES = YES;
				CLANG_WARN_SUSPICIOUS_MOVE = YES;
				CLANG_WARN_UNGUARDED_AVAILABILITY = YES_AGGRESSIVE;
				CLANG_WARN_UNREACHABLE_CODE = YES;
				CLANG_WARN__DUPLICATE_METHOD_MATCH = YES;
				COPY_PHASE_STRIP = NO;
				DEBUG_INFORMATION_FORMAT = dwarf;
				ENABLE_STRICT_OBJC_MSGSEND = YES;
				ENABLE_TESTABILITY = YES;
				GCC_C_LANGUAGE_STANDARD = gnu11;
				GCC_DYNAMIC_NO_PIC = NO;
				GCC_NO_COMMON_BLOCKS = YES;
				GCC_OPTIMIZATION_LEVEL = 0;
				GCC_PREPROCESSOR_DEFINITIONS = (
					"DEBUG=1",
					"$(inherited)",
				);
				GCC_WARN_64_TO_32_BIT_CONVERSION = YES;
				GCC_WARN_ABOUT_RETURN_TYPE = YES_ERROR;
				GCC_WARN_UNDECLARED_SELECTOR = YES;
				GCC_WARN_UNINITIALIZED_AUTOS = YES_AGGRESSIVE;
				GCC_WARN_UNUSED_FUNCTION = YES;
				GCC_WARN_UNUSED_VARIABLE = YES;
				IPHONEOS_DEPLOYMENT_TARGET = 13.0;
				MTL_ENABLE_DEBUG_INFO = INCLUDE_SOURCE;
				MTL_FAST_MATH = YES;
				ONLY_ACTIVE_ARCH = YES;
				SDKROOT = iphoneos;
				SWIFT_ACTIVE_COMPILATION_CONDITIONS = DEBUG;
				SWIFT_OPTIMIZATION_LEVEL = "-Onone";
			};
			name = Debug;
		};
		04B3F328269ECFC6008B0FA6 /* Release */ = {
			isa = XCBuildConfiguration;
			buildSettings = {
				ALWAYS_SEARCH_USER_PATHS = NO;
				CLANG_ANALYZER_NONNULL = YES;
				CLANG_ANALYZER_NUMBER_OBJECT_CONVERSION = YES_AGGRESSIVE;
				CLANG_CXX_LANGUAGE_STANDARD = "gnu++14";
				CLANG_CXX_LIBRARY = "libc++";
				CLANG_ENABLE_MODULES = YES;
				CLANG_ENABLE_OBJC_ARC = YES;
				CLANG_ENABLE_OBJC_WEAK = YES;
				CLANG_WARN_BLOCK_CAPTURE_AUTORELEASING = YES;
				CLANG_WARN_BOOL_CONVERSION = YES;
				CLANG_WARN_COMMA = YES;
				CLANG_WARN_CONSTANT_CONVERSION = YES;
				CLANG_WARN_DEPRECATED_OBJC_IMPLEMENTATIONS = YES;
				CLANG_WARN_DIRECT_OBJC_ISA_USAGE = YES_ERROR;
				CLANG_WARN_DOCUMENTATION_COMMENTS = YES;
				CLANG_WARN_EMPTY_BODY = YES;
				CLANG_WARN_ENUM_CONVERSION = YES;
				CLANG_WARN_INFINITE_RECURSION = YES;
				CLANG_WARN_INT_CONVERSION = YES;
				CLANG_WARN_NON_LITERAL_NULL_CONVERSION = YES;
				CLANG_WARN_OBJC_IMPLICIT_RETAIN_SELF = YES;
				CLANG_WARN_OBJC_LITERAL_CONVERSION = YES;
				CLANG_WARN_OBJC_ROOT_CLASS = YES_ERROR;
				CLANG_WARN_QUOTED_INCLUDE_IN_FRAMEWORK_HEADER = YES;
				CLANG_WARN_RANGE_LOOP_ANALYSIS = YES;
				CLANG_WARN_STRICT_PROTOTYPES = YES;
				CLANG_WARN_SUSPICIOUS_MOVE = YES;
				CLANG_WARN_UNGUARDED_AVAILABILITY = YES_AGGRESSIVE;
				CLANG_WARN_UNREACHABLE_CODE = YES;
				CLANG_WARN__DUPLICATE_METHOD_MATCH = YES;
				COPY_PHASE_STRIP = NO;
				DEBUG_INFORMATION_FORMAT = "dwarf-with-dsym";
				ENABLE_NS_ASSERTIONS = NO;
				ENABLE_STRICT_OBJC_MSGSEND = YES;
				GCC_C_LANGUAGE_STANDARD = gnu11;
				GCC_NO_COMMON_BLOCKS = YES;
				GCC_WARN_64_TO_32_BIT_CONVERSION = YES;
				GCC_WARN_ABOUT_RETURN_TYPE = YES_ERROR;
				GCC_WARN_UNDECLARED_SELECTOR = YES;
				GCC_WARN_UNINITIALIZED_AUTOS = YES_AGGRESSIVE;
				GCC_WARN_UNUSED_FUNCTION = YES;
				GCC_WARN_UNUSED_VARIABLE = YES;
				IPHONEOS_DEPLOYMENT_TARGET = 13.0;
				MTL_ENABLE_DEBUG_INFO = NO;
				MTL_FAST_MATH = YES;
				SDKROOT = iphoneos;
				SWIFT_COMPILATION_MODE = wholemodule;
				SWIFT_OPTIMIZATION_LEVEL = "-O";
				VALIDATE_PRODUCT = YES;
			};
			name = Release;
		};
		04B3F32A269ECFC6008B0FA6 /* Debug */ = {
			isa = XCBuildConfiguration;
			buildSettings = {
				ASSETCATALOG_COMPILER_APPICON_NAME = AppIcon;
				ASSETCATALOG_COMPILER_GLOBAL_ACCENT_COLOR_NAME = AccentColor;
				CODE_SIGN_STYLE = Automatic;
				INFOPLIST_FILE = middle_todo/Info.plist;
				IPHONEOS_DEPLOYMENT_TARGET = 13.0;
				LD_RUNPATH_SEARCH_PATHS = (
					"$(inherited)",
					"@executable_path/Frameworks",
				);
				PRODUCT_BUNDLE_IDENTIFIER = middle.middle;
				PRODUCT_NAME = "$(TARGET_NAME)";
				SWIFT_VERSION = 5.0;
				TARGETED_DEVICE_FAMILY = "1,2";
			};
			name = Debug;
		};
		04B3F32B269ECFC6008B0FA6 /* Release */ = {
			isa = XCBuildConfiguration;
			buildSettings = {
				ASSETCATALOG_COMPILER_APPICON_NAME = AppIcon;
				ASSETCATALOG_COMPILER_GLOBAL_ACCENT_COLOR_NAME = AccentColor;
				CODE_SIGN_STYLE = Automatic;
				INFOPLIST_FILE = middle_todo/Info.plist;
				IPHONEOS_DEPLOYMENT_TARGET = 13.0;
				LD_RUNPATH_SEARCH_PATHS = (
					"$(inherited)",
					"@executable_path/Frameworks",
				);
				PRODUCT_BUNDLE_IDENTIFIER = middle.middle;
				PRODUCT_NAME = "$(TARGET_NAME)";
				SWIFT_VERSION = 5.0;
				TARGETED_DEVICE_FAMILY = "1,2";
			};
			name = Release;
		};
		04B3F32D269ECFC6008B0FA6 /* Debug */ = {
			isa = XCBuildConfiguration;
			buildSettings = {
				ALWAYS_EMBED_SWIFT_STANDARD_LIBRARIES = YES;
				BUNDLE_LOADER = "$(TEST_HOST)";
				CODE_SIGN_STYLE = Automatic;
				INFOPLIST_FILE = middle_todoTests/Info.plist;
				IPHONEOS_DEPLOYMENT_TARGET = 14.5;
				LD_RUNPATH_SEARCH_PATHS = (
					"$(inherited)",
					"@executable_path/Frameworks",
					"@loader_path/Frameworks",
				);
				PRODUCT_BUNDLE_IDENTIFIER = "middle.middle-todoTests";
				PRODUCT_NAME = "$(TARGET_NAME)";
				SWIFT_VERSION = 5.0;
				TARGETED_DEVICE_FAMILY = "1,2";
				TEST_HOST = "$(BUILT_PRODUCTS_DIR)/middle_todo.app/middle_todo";
			};
			name = Debug;
		};
		04B3F32E269ECFC6008B0FA6 /* Release */ = {
			isa = XCBuildConfiguration;
			buildSettings = {
				ALWAYS_EMBED_SWIFT_STANDARD_LIBRARIES = YES;
				BUNDLE_LOADER = "$(TEST_HOST)";
				CODE_SIGN_STYLE = Automatic;
				INFOPLIST_FILE = middle_todoTests/Info.plist;
				IPHONEOS_DEPLOYMENT_TARGET = 14.5;
				LD_RUNPATH_SEARCH_PATHS = (
					"$(inherited)",
					"@executable_path/Frameworks",
					"@loader_path/Frameworks",
				);
				PRODUCT_BUNDLE_IDENTIFIER = "middle.middle-todoTests";
				PRODUCT_NAME = "$(TARGET_NAME)";
				SWIFT_VERSION = 5.0;
				TARGETED_DEVICE_FAMILY = "1,2";
				TEST_HOST = "$(BUILT_PRODUCTS_DIR)/middle_todo.app/middle_todo";
			};
			name = Release;
		};
		04B3F330269ECFC6008B0FA6 /* Debug */ = {
			isa = XCBuildConfiguration;
			buildSettings = {
				ALWAYS_EMBED_SWIFT_STANDARD_LIBRARIES = YES;
				CODE_SIGN_STYLE = Automatic;
				INFOPLIST_FILE = middle_todoUITests/Info.plist;
				LD_RUNPATH_SEARCH_PATHS = (
					"$(inherited)",
					"@executable_path/Frameworks",
					"@loader_path/Frameworks",
				);
				PRODUCT_BUNDLE_IDENTIFIER = "middle.middle-todoUITests";
				PRODUCT_NAME = "$(TARGET_NAME)";
				SWIFT_VERSION = 5.0;
				TARGETED_DEVICE_FAMILY = "1,2";
				TEST_TARGET_NAME = middle_todo;
			};
			name = Debug;
		};
		04B3F331269ECFC6008B0FA6 /* Release */ = {
			isa = XCBuildConfiguration;
			buildSettings = {
				ALWAYS_EMBED_SWIFT_STANDARD_LIBRARIES = YES;
				CODE_SIGN_STYLE = Automatic;
				INFOPLIST_FILE = middle_todoUITests/Info.plist;
				LD_RUNPATH_SEARCH_PATHS = (
					"$(inherited)",
					"@executable_path/Frameworks",
					"@loader_path/Frameworks",
				);
				PRODUCT_BUNDLE_IDENTIFIER = "middle.middle-todoUITests";
				PRODUCT_NAME = "$(TARGET_NAME)";
				SWIFT_VERSION = 5.0;
				TARGETED_DEVICE_FAMILY = "1,2";
				TEST_TARGET_NAME = middle_todo;
			};
			name = Release;
		};
/* End XCBuildConfiguration section */

/* Begin XCConfigurationList section */
		04B3F2FA269ECFC4008B0FA6 /* Build configuration list for PBXProject "middle_todo" */ = {
			isa = XCConfigurationList;
			buildConfigurations = (
				04B3F327269ECFC6008B0FA6 /* Debug */,
				04B3F328269ECFC6008B0FA6 /* Release */,
			);
			defaultConfigurationIsVisible = 0;
			defaultConfigurationName = Release;
		};
		04B3F329269ECFC6008B0FA6 /* Build configuration list for PBXNativeTarget "middle_todo" */ = {
			isa = XCConfigurationList;
			buildConfigurations = (
				04B3F32A269ECFC6008B0FA6 /* Debug */,
				04B3F32B269ECFC6008B0FA6 /* Release */,
			);
			defaultConfigurationIsVisible = 0;
			defaultConfigurationName = Release;
		};
		04B3F32C269ECFC6008B0FA6 /* Build configuration list for PBXNativeTarget "middle_todoTests" */ = {
			isa = XCConfigurationList;
			buildConfigurations = (
				04B3F32D269ECFC6008B0FA6 /* Debug */,
				04B3F32E269ECFC6008B0FA6 /* Release */,
			);
			defaultConfigurationIsVisible = 0;
			defaultConfigurationName = Release;
		};
		04B3F32F269ECFC6008B0FA6 /* Build configuration list for PBXNativeTarget "middle_todoUITests" */ = {
			isa = XCConfigurationList;
			buildConfigurations = (
				04B3F330269ECFC6008B0FA6 /* Debug */,
				04B3F331269ECFC6008B0FA6 /* Release */,
			);
			defaultConfigurationIsVisible = 0;
			defaultConfigurationName = Release;
		};
/* End XCConfigurationList section */
	};
	rootObject = 04B3F2F7269ECFC4008B0FA6 /* Project object */;
}
